
Microsoft Visual Studio Solution File, Format Version 12.00
# Visual Studio Version 16
VisualStudioVersion = 16.0.28803.202
MinimumVisualStudioVersion = 10.0.40219.1
Project("{FAE04EC0-301F-11D3-BF4B-00C04F79EFBC}") = "Point of Sale", "Point of Sale\Point of Sale.csproj", "{30AFAC9F-E685-4FCC-A98D-BAA1C5FFA69D}"
EndProject
Global
	GlobalSection(SolutionConfigurationPlatforms) = preSolution
		Debug|Any CPU = Debug|Any CPU
		Release|Any CPU = Release|Any CPU
	EndGlobalSection
	GlobalSection(ProjectConfigurationPlatforms) = postSolution
		{30AFAC9F-E685-4FCC-A98D-BAA1C5FFA69D}.Debug|Any CPU.ActiveCfg = Debug|Any CPU
		{30AFAC9F-E685-4FCC-A98D-BAA1C5FFA69D}.Debug|Any CPU.Build.0 = Debug|Any CPU
		{30AFAC9F-E685-4FCC-A98D-BAA1C5FFA69D}.Release|Any CPU.ActiveCfg = Release|Any CPU
		{30AFAC9F-E685-4FCC-A98D-BAA1C5FFA69D}.Release|Any CPU.Build.0 = Release|Any CPU
	EndGlobalSection
	GlobalSection(SolutionProperties) = preSolution
		HideSolutionNode = FALSE
	EndGlobalSection
	GlobalSection(ExtensibilityGlobals) = postSolution
		SolutionGuid = {5D9AA062-5183-4511-A8B0-834088EEE6EE}
	EndGlobalSection
EndGlobal
